
Microsoft Visual Studio Solution File, Format Version 12.00
# Visual Studio Version 16
VisualStudioVersion = 16.0.30717.126
MinimumVisualStudioVersion = 10.0.40219.1
Project("{FAE04EC0-301F-11D3-BF4B-00C04F79EFBC}") = "logging", "logging\logging.csproj", "{8DA670EC-B547-4C2B-AF58-1C11CFEFB793}"
EndProject
Global
	GlobalSection(SolutionConfigurationPlatforms) = preSolution
		Debug|Any CPU = Debug|Any CPU
		Release|Any CPU = Release|Any CPU
	EndGlobalSection
	GlobalSection(ProjectConfigurationPlatforms) = postSolution
		{8DA670EC-B547-4C2B-AF58-1C11CFEFB793}.Debug|Any CPU.ActiveCfg = Debug|Any CPU
		{8DA670EC-B547-4C2B-AF58-1C11CFEFB793}.Debug|Any CPU.Build.0 = Debug|Any CPU
		{8DA670EC-B547-4C2B-AF58-1C11CFEFB793}.Release|Any CPU.ActiveCfg = Release|Any CPU
		{8DA670EC-B547-4C2B-AF58-1C11CFEFB793}.Release|Any CPU.Build.0 = Release|Any CPU
	EndGlobalSection
	GlobalSection(SolutionProperties) = preSolution
		HideSolutionNode = FALSE
	EndGlobalSection
	GlobalSection(ExtensibilityGlobals) = postSolution
		SolutionGuid = {A28FD3FD-F169-4198-B7F2-38D82FC7EA6F}
	EndGlobalSection
EndGlobal
